// !$*UTF8*$!
{
	archiveVersion = 1;
	classes = {
	};
	objectVersion = 46;
	objects = {

/* Begin PBXBuildFile section */
		5C56C6361F680EED0041DA36 /* NSMutableArray+STKAudioPlayer.m in Sources */ = {isa = PBXBuildFile; fileRef = 5C56C6241F680EED0041DA36 /* NSMutableArray+STKAudioPlayer.m */; };
		5C56C6371F680EED0041DA36 /* STKAudioPlayer.m in Sources */ = {isa = PBXBuildFile; fileRef = 5C56C6261F680EED0041DA36 /* STKAudioPlayer.m */; };
		5C56C6381F680EED0041DA36 /* STKAutoRecoveringHTTPDataSource.m in Sources */ = {isa = PBXBuildFile; fileRef = 5C56C6281F680EED0041DA36 /* STKAutoRecoveringHTTPDataSource.m */; };
		5C56C6391F680EED0041DA36 /* STKCoreFoundationDataSource.m in Sources */ = {isa = PBXBuildFile; fileRef = 5C56C62A1F680EED0041DA36 /* STKCoreFoundationDataSource.m */; };
		5C56C63A1F680EED0041DA36 /* STKDataSource.m in Sources */ = {isa = PBXBuildFile; fileRef = 5C56C62C1F680EED0041DA36 /* STKDataSource.m */; };
		5C56C63B1F680EED0041DA36 /* STKDataSourceWrapper.m in Sources */ = {isa = PBXBuildFile; fileRef = 5C56C62E1F680EED0041DA36 /* STKDataSourceWrapper.m */; };
		5C56C63C1F680EED0041DA36 /* STKHTTPDataSource.m in Sources */ = {isa = PBXBuildFile; fileRef = 5C56C6301F680EED0041DA36 /* STKHTTPDataSource.m */; };
		5C56C63D1F680EED0041DA36 /* STKLocalFileDataSource.m in Sources */ = {isa = PBXBuildFile; fileRef = 5C56C6321F680EED0041DA36 /* STKLocalFileDataSource.m */; };
		5C56C63E1F680EED0041DA36 /* STKQueueEntry.m in Sources */ = {isa = PBXBuildFile; fileRef = 5C56C6341F680EED0041DA36 /* STKQueueEntry.m */; };
		B3E7B58A1CC2AC0600A0062D /* ReactNativeAudioStreaming.m in Sources */ = {isa = PBXBuildFile; fileRef = B3E7B5891CC2AC0600A0062D /* ReactNativeAudioStreaming.m */; };
/* End PBXBuildFile section */

/* Begin PBXCopyFilesBuildPhase section */
		58B511D91A9E6C8500147676 /* CopyFiles */ = {
			isa = PBXCopyFilesBuildPhase;
			buildActionMask = 2147483647;
			dstPath = "include/$(PRODUCT_NAME)";
			dstSubfolderSpec = 16;
			files = (
			);
			runOnlyForDeploymentPostprocessing = 0;
		};
/* End PBXCopyFilesBuildPhase section */

/* Begin PBXFileReference section */
		134814201AA4EA6300B7C361 /* libReactNativeAudioStreaming.a */ = {isa = PBXFileReference; explicitFileType = archive.ar; includeInIndex = 0; path = libReactNativeAudioStreaming.a; sourceTree = BUILT_PRODUCTS_DIR; };
		5C56C6231F680EED0041DA36 /* NSMutableArray+STKAudioPlayer.h */ = {isa = PBXFileReference; fileEncoding = 4; lastKnownFileType = sourcecode.c.h; path = "NSMutableArray+STKAudioPlayer.h"; sourceTree = "<group>"; };
		5C56C6241F680EED0041DA36 /* NSMutableArray+STKAudioPlayer.m */ = {isa = PBXFileReference; fileEncoding = 4; lastKnownFileType = sourcecode.c.objc; path = "NSMutableArray+STKAudioPlayer.m"; sourceTree = "<group>"; };
		5C56C6251F680EED0041DA36 /* STKAudioPlayer.h */ = {isa = PBXFileReference; fileEncoding = 4; lastKnownFileType = sourcecode.c.h; path = STKAudioPlayer.h; sourceTree = "<group>"; };
		5C56C6261F680EED0041DA36 /* STKAudioPlayer.m */ = {isa = PBXFileReference; fileEncoding = 4; lastKnownFileType = sourcecode.c.objc; path = STKAudioPlayer.m; sourceTree = "<group>"; };
		5C56C6271F680EED0041DA36 /* STKAutoRecoveringHTTPDataSource.h */ = {isa = PBXFileReference; fileEncoding = 4; lastKnownFileType = sourcecode.c.h; path = STKAutoRecoveringHTTPDataSource.h; sourceTree = "<group>"; };
		5C56C6281F680EED0041DA36 /* STKAutoRecoveringHTTPDataSource.m */ = {isa = PBXFileReference; fileEncoding = 4; lastKnownFileType = sourcecode.c.objc; path = STKAutoRecoveringHTTPDataSource.m; sourceTree = "<group>"; };
		5C56C6291F680EED0041DA36 /* STKCoreFoundationDataSource.h */ = {isa = PBXFileReference; fileEncoding = 4; lastKnownFileType = sourcecode.c.h; path = STKCoreFoundationDataSource.h; sourceTree = "<group>"; };
		5C56C62A1F680EED0041DA36 /* STKCoreFoundationDataSource.m */ = {isa = PBXFileReference; fileEncoding = 4; lastKnownFileType = sourcecode.c.objc; path = STKCoreFoundationDataSource.m; sourceTree = "<group>"; };
		5C56C62B1F680EED0041DA36 /* STKDataSource.h */ = {isa = PBXFileReference; fileEncoding = 4; lastKnownFileType = sourcecode.c.h; path = STKDataSource.h; sourceTree = "<group>"; };
		5C56C62C1F680EED0041DA36 /* STKDataSource.m */ = {isa = PBXFileReference; fileEncoding = 4; lastKnownFileType = sourcecode.c.objc; path = STKDataSource.m; sourceTree = "<group>"; };
		5C56C62D1F680EED0041DA36 /* STKDataSourceWrapper.h */ = {isa = PBXFileReference; fileEncoding = 4; lastKnownFileType = sourcecode.c.h; path = STKDataSourceWrapper.h; sourceTree = "<group>"; };
		5C56C62E1F680EED0041DA36 /* STKDataSourceWrapper.m */ = {isa = PBXFileReference; fileEncoding = 4; lastKnownFileType = sourcecode.c.objc; path = STKDataSourceWrapper.m; sourceTree = "<group>"; };
		5C56C62F1F680EED0041DA36 /* STKHTTPDataSource.h */ = {isa = PBXFileReference; fileEncoding = 4; lastKnownFileType = sourcecode.c.h; path = STKHTTPDataSource.h; sourceTree = "<group>"; };
		5C56C6301F680EED0041DA36 /* STKHTTPDataSource.m */ = {isa = PBXFileReference; fileEncoding = 4; lastKnownFileType = sourcecode.c.objc; path = STKHTTPDataSource.m; sourceTree = "<group>"; };
		5C56C6311F680EED0041DA36 /* STKLocalFileDataSource.h */ = {isa = PBXFileReference; fileEncoding = 4; lastKnownFileType = sourcecode.c.h; path = STKLocalFileDataSource.h; sourceTree = "<group>"; };
		5C56C6321F680EED0041DA36 /* STKLocalFileDataSource.m */ = {isa = PBXFileReference; fileEncoding = 4; lastKnownFileType = sourcecode.c.objc; path = STKLocalFileDataSource.m; sourceTree = "<group>"; };
		5C56C6331F680EED0041DA36 /* STKQueueEntry.h */ = {isa = PBXFileReference; fileEncoding = 4; lastKnownFileType = sourcecode.c.h; path = STKQueueEntry.h; sourceTree = "<group>"; };
		5C56C6341F680EED0041DA36 /* STKQueueEntry.m */ = {isa = PBXFileReference; fileEncoding = 4; lastKnownFileType = sourcecode.c.objc; path = STKQueueEntry.m; sourceTree = "<group>"; };
		5C56C6351F680EED0041DA36 /* StreamingKit-Prefix.pch */ = {isa = PBXFileReference; fileEncoding = 4; lastKnownFileType = sourcecode.c.h; path = "StreamingKit-Prefix.pch"; sourceTree = "<group>"; };
		B3E7B5881CC2AC0600A0062D /* ReactNativeAudioStreaming.h */ = {isa = PBXFileReference; fileEncoding = 4; lastKnownFileType = sourcecode.c.h; path = ReactNativeAudioStreaming.h; sourceTree = "<group>"; };
		B3E7B5891CC2AC0600A0062D /* ReactNativeAudioStreaming.m */ = {isa = PBXFileReference; fileEncoding = 4; lastKnownFileType = sourcecode.c.objc; path = ReactNativeAudioStreaming.m; sourceTree = "<group>"; };
/* End PBXFileReference section */

/* Begin PBXFrameworksBuildPhase section */
		58B511D81A9E6C8500147676 /* Frameworks */ = {
			isa = PBXFrameworksBuildPhase;
			buildActionMask = 2147483647;
			files = (
			);
			runOnlyForDeploymentPostprocessing = 0;
		};
/* End PBXFrameworksBuildPhase section */

/* Begin PBXGroup section */
		0EDFA4144B2AEA3EAF68F078 /* Frameworks */ = {
			isa = PBXGroup;
			children = (
			);
			name = Frameworks;
			sourceTree = "<group>";
		};
		134814211AA4EA7D00B7C361 /* Products */ = {
			isa = PBXGroup;
			children = (
				134814201AA4EA6300B7C361 /* libReactNativeAudioStreaming.a */,
			);
			name = Products;
			sourceTree = "<group>";
		};
		2B5F933D7893421053AABADB /* Pods */ = {
			isa = PBXGroup;
			children = (
			);
			name = Pods;
			sourceTree = "<group>";
		};
		58B511D21A9E6C8500147676 = {
			isa = PBXGroup;
			children = (
				5C56C6221F680EC40041DA36 /* StreamingKit */,
				B3E7B5881CC2AC0600A0062D /* ReactNativeAudioStreaming.h */,
				B3E7B5891CC2AC0600A0062D /* ReactNativeAudioStreaming.m */,
				134814211AA4EA7D00B7C361 /* Products */,
				2B5F933D7893421053AABADB /* Pods */,
				0EDFA4144B2AEA3EAF68F078 /* Frameworks */,
			);
			indentWidth = 3;
			sourceTree = "<group>";
		};
		5C56C6221F680EC40041DA36 /* StreamingKit */ = {
			isa = PBXGroup;
			children = (
				5C56C6231F680EED0041DA36 /* NSMutableArray+STKAudioPlayer.h */,
				5C56C6241F680EED0041DA36 /* NSMutableArray+STKAudioPlayer.m */,
				5C56C6251F680EED0041DA36 /* STKAudioPlayer.h */,
				5C56C6261F680EED0041DA36 /* STKAudioPlayer.m */,
				5C56C6271F680EED0041DA36 /* STKAutoRecoveringHTTPDataSource.h */,
				5C56C6281F680EED0041DA36 /* STKAutoRecoveringHTTPDataSource.m */,
				5C56C6291F680EED0041DA36 /* STKCoreFoundationDataSource.h */,
				5C56C62A1F680EED0041DA36 /* STKCoreFoundationDataSource.m */,
				5C56C62B1F680EED0041DA36 /* STKDataSource.h */,
				5C56C62C1F680EED0041DA36 /* STKDataSource.m */,
				5C56C62D1F680EED0041DA36 /* STKDataSourceWrapper.h */,
				5C56C62E1F680EED0041DA36 /* STKDataSourceWrapper.m */,
				5C56C62F1F680EED0041DA36 /* STKHTTPDataSource.h */,
				5C56C6301F680EED0041DA36 /* STKHTTPDataSource.m */,
				5C56C6311F680EED0041DA36 /* STKLocalFileDataSource.h */,
				5C56C6321F680EED0041DA36 /* STKLocalFileDataSource.m */,
				5C56C6331F680EED0041DA36 /* STKQueueEntry.h */,
				5C56C6341F680EED0041DA36 /* STKQueueEntry.m */,
				5C56C6351F680EED0041DA36 /* StreamingKit-Prefix.pch */,
			);
			name = StreamingKit;
			sourceTree = "<group>";
		};
/* End PBXGroup section */

/* Begin PBXNativeTarget section */
		58B511DA1A9E6C8500147676 /* ReactNativeAudioStreaming */ = {
			isa = PBXNativeTarget;
			buildConfigurationList = 58B511EF1A9E6C8500147676 /* Build configuration list for PBXNativeTarget "ReactNativeAudioStreaming" */;
			buildPhases = (
				58B511D71A9E6C8500147676 /* Sources */,
				58B511D81A9E6C8500147676 /* Frameworks */,
				58B511D91A9E6C8500147676 /* CopyFiles */,
			);
			buildRules = (
			);
			dependencies = (
			);
			name = ReactNativeAudioStreaming;
			productName = RCTDataManager;
			productReference = 134814201AA4EA6300B7C361 /* libReactNativeAudioStreaming.a */;
			productType = "com.apple.product-type.library.static";
		};
/* End PBXNativeTarget section */

/* Begin PBXProject section */
		58B511D31A9E6C8500147676 /* Project object */ = {
			isa = PBXProject;
			attributes = {
				LastUpgradeCheck = 0730;
				ORGANIZATIONNAME = Facebook;
				TargetAttributes = {
					58B511DA1A9E6C8500147676 = {
						CreatedOnToolsVersion = 6.1.1;
					};
				};
			};
			buildConfigurationList = 58B511D61A9E6C8500147676 /* Build configuration list for PBXProject "ReactNativeAudioStreaming" */;
			compatibilityVersion = "Xcode 3.2";
			developmentRegion = English;
			hasScannedForEncodings = 0;
			knownRegions = (
				en,
			);
			mainGroup = 58B511D21A9E6C8500147676;
			productRefGroup = 58B511D21A9E6C8500147676;
			projectDirPath = "";
			projectRoot = "";
			targets = (
				58B511DA1A9E6C8500147676 /* ReactNativeAudioStreaming */,
			);
		};
/* End PBXProject section */

/* Begin PBXSourcesBuildPhase section */
		58B511D71A9E6C8500147676 /* Sources */ = {
			isa = PBXSourcesBuildPhase;
			buildActionMask = 2147483647;
			files = (
				5C56C6361F680EED0041DA36 /* NSMutableArray+STKAudioPlayer.m in Sources */,
				5C56C63B1F680EED0041DA36 /* STKDataSourceWrapper.m in Sources */,
				5C56C63D1F680EED0041DA36 /* STKLocalFileDataSource.m in Sources */,
				5C56C63A1F680EED0041DA36 /* STKDataSource.m in Sources */,
				5C56C63C1F680EED0041DA36 /* STKHTTPDataSource.m in Sources */,
				5C56C6371F680EED0041DA36 /* STKAudioPlayer.m in Sources */,
				5C56C6391F680EED0041DA36 /* STKCoreFoundationDataSource.m in Sources */,
				5C56C6381F680EED0041DA36 /* STKAutoRecoveringHTTPDataSource.m in Sources */,
				B3E7B58A1CC2AC0600A0062D /* ReactNativeAudioStreaming.m in Sources */,
				5C56C63E1F680EED0041DA36 /* STKQueueEntry.m in Sources */,
			);
			runOnlyForDeploymentPostprocessing = 0;
		};
/* End PBXSourcesBuildPhase section */

/* Begin XCBuildConfiguration section */
		58B511ED1A9E6C8500147676 /* Debug */ = {
			isa = XCBuildConfiguration;
			buildSettings = {
				ALWAYS_SEARCH_USER_PATHS = NO;
				CLANG_CXX_LANGUAGE_STANDARD = "gnu++0x";
				CLANG_CXX_LIBRARY = "libc++";
				CLANG_ENABLE_MODULES = YES;
				CLANG_ENABLE_OBJC_ARC = YES;
				CLANG_WARN_BOOL_CONVERSION = YES;
				CLANG_WARN_CONSTANT_CONVERSION = YES;
				CLANG_WARN_DIRECT_OBJC_ISA_USAGE = YES_ERROR;
				CLANG_WARN_EMPTY_BODY = YES;
				CLANG_WARN_ENUM_CONVERSION = YES;
				CLANG_WARN_INT_CONVERSION = YES;
				CLANG_WARN_OBJC_ROOT_CLASS = YES_ERROR;
				CLANG_WARN_UNREACHABLE_CODE = YES;
				CLANG_WARN__DUPLICATE_METHOD_MATCH = YES;
				COPY_PHASE_STRIP = NO;
				ENABLE_STRICT_OBJC_MSGSEND = YES;
				ENABLE_TESTABILITY = YES;
				GCC_C_LANGUAGE_STANDARD = gnu99;
				GCC_DYNAMIC_NO_PIC = NO;
				GCC_OPTIMIZATION_LEVEL = 0;
				GCC_PREPROCESSOR_DEFINITIONS = (
					"DEBUG=1",
					"$(inherited)",
				);
				GCC_SYMBOLS_PRIVATE_EXTERN = NO;
				GCC_WARN_64_TO_32_BIT_CONVERSION = YES;
				GCC_WARN_ABOUT_RETURN_TYPE = YES_ERROR;
				GCC_WARN_UNDECLARED_SELECTOR = YES;
				GCC_WARN_UNINITIALIZED_AUTOS = YES_AGGRESSIVE;
				GCC_WARN_UNUSED_FUNCTION = YES;
				GCC_WARN_UNUSED_VARIABLE = YES;
				IPHONEOS_DEPLOYMENT_TARGET = 7.0;
				MTL_ENABLE_DEBUG_INFO = YES;
				ONLY_ACTIVE_ARCH = YES;
				SDKROOT = iphoneos;
			};
			name = Debug;
		};
		58B511EE1A9E6C8500147676 /* Release */ = {
			isa = XCBuildConfiguration;
			buildSettings = {
				ALWAYS_SEARCH_USER_PATHS = NO;
				CLANG_CXX_LANGUAGE_STANDARD = "gnu++0x";
				CLANG_CXX_LIBRARY = "libc++";
				CLANG_ENABLE_MODULES = YES;
				CLANG_ENABLE_OBJC_ARC = YES;
				CLANG_WARN_BOOL_CONVERSION = YES;
				CLANG_WARN_CONSTANT_CONVERSION = YES;
				CLANG_WARN_DIRECT_OBJC_ISA_USAGE = YES_ERROR;
				CLANG_WARN_EMPTY_BODY = YES;
				CLANG_WARN_ENUM_CONVERSION = YES;
				CLANG_WARN_INT_CONVERSION = YES;
				CLANG_WARN_OBJC_ROOT_CLASS = YES_ERROR;
				CLANG_WARN_UNREACHABLE_CODE = YES;
				CLANG_WARN__DUPLICATE_METHOD_MATCH = YES;
				COPY_PHASE_STRIP = YES;
				ENABLE_NS_ASSERTIONS = NO;
				ENABLE_STRICT_OBJC_MSGSEND = YES;
				GCC_C_LANGUAGE_STANDARD = gnu99;
				GCC_WARN_64_TO_32_BIT_CONVERSION = YES;
				GCC_WARN_ABOUT_RETURN_TYPE = YES_ERROR;
				GCC_WARN_UNDECLARED_SELECTOR = YES;
				GCC_WARN_UNINITIALIZED_AUTOS = YES_AGGRESSIVE;
				GCC_WARN_UNUSED_FUNCTION = YES;
				GCC_WARN_UNUSED_VARIABLE = YES;
				IPHONEOS_DEPLOYMENT_TARGET = 7.0;
				MTL_ENABLE_DEBUG_INFO = NO;
				SDKROOT = iphoneos;
				VALIDATE_PRODUCT = YES;
			};
			name = Release;
		};
		58B511F01A9E6C8500147676 /* Debug */ = {
			isa = XCBuildConfiguration;
			buildSettings = {
				HEADER_SEARCH_PATHS = (
					"$(inherited)",
					/Applications/Xcode.app/Contents/Developer/Toolchains/XcodeDefault.xctoolchain/usr/include,
					"$(SRCROOT)/../../../React/**",
					"$(SRCROOT)/../../react-native/React/**",
					"$(SRCROOT)/../node_modules/react-native/React/**",
					"$(PODS_ROOT)/**",
				);
				LIBRARY_SEARCH_PATHS = "$(inherited)";
				OTHER_LDFLAGS = "$(inherited)";
				PRODUCT_NAME = ReactNativeAudioStreaming;
				SKIP_INSTALL = YES;
			};
			name = Debug;
		};
		58B511F11A9E6C8500147676 /* Release */ = {
			isa = XCBuildConfiguration;
			buildSettings = {
				HEADER_SEARCH_PATHS = (
					"$(inherited)",
					/Applications/Xcode.app/Contents/Developer/Toolchains/XcodeDefault.xctoolchain/usr/include,
					"$(SRCROOT)/../../../React/**",
					"$(SRCROOT)/../../react-native/React/**",
					"$(SRCROOT)/../node_modules/react-native/React/**",
					"$(PODS_ROOT)/**",
				);
				LIBRARY_SEARCH_PATHS = "$(inherited)";
				OTHER_LDFLAGS = "$(inherited)";
				PRODUCT_NAME = ReactNativeAudioStreaming;
				SKIP_INSTALL = YES;
			};
			name = Release;
		};
/* End XCBuildConfiguration section */

/* Begin XCConfigurationList section */
		58B511D61A9E6C8500147676 /* Build configuration list for PBXProject "ReactNativeAudioStreaming" */ = {
			isa = XCConfigurationList;
			buildConfigurations = (
				58B511ED1A9E6C8500147676 /* Debug */,
				58B511EE1A9E6C8500147676 /* Release */,
			);
			defaultConfigurationIsVisible = 0;
			defaultConfigurationName = Release;
		};
		58B511EF1A9E6C8500147676 /* Build configuration list for PBXNativeTarget "ReactNativeAudioStreaming" */ = {
			isa = XCConfigurationList;
			buildConfigurations = (
				58B511F01A9E6C8500147676 /* Debug */,
				58B511F11A9E6C8500147676 /* Release */,
			);
			defaultConfigurationIsVisible = 0;
			defaultConfigurationName = Release;
		};
/* End XCConfigurationList section */
	};
	rootObject = 58B511D31A9E6C8500147676 /* Project object */;
}
